Microsoft Visual Studio Solution File, Format Version 12.00
# Visual Studio Version 18
VisualStudioVersion = 18.1.11304.174
MinimumVisualStudioVersion = 10.0.40219.1
Project("{2150E333-8FDC-42A3-9474-1A3956D46DE8}") = "src", "src", "{02EA681E-C7D8-13C7-8484-4AC65E1B71E8}"
EndProject
Project("{2150E333-8FDC-42A3-9474-1A3956D46DE8}") = "core", "core", "{4798FB9A-E3F4-469A-B046-07CA69F679CD}"
EndProject
Project("{2150E333-8FDC-42A3-9474-1A3956D46DE8}") = "infrastructure", "infrastructure", "{80601D52-788D-4C30-B515-95E66ADA41AA}"
EndProject
Project("{2150E333-8FDC-42A3-9474-1A3956D46DE8}") = "web", "web", "{30FFE51C-FFF5-43FE-A105-E4EFBE7D07C5}"
EndProject
Project("{2150E333-8FDC-42A3-9474-1A3956D46DE8}") = "shared", "shared", "{ACE3B5F6-02E0-E5E3-B283-044C1171AFDE}"
EndProject
Project("{FAE04EC0-301F-11D3-BF4B-00C04F79EFBC}") = "Application", "src\core\Application\Application.csproj", "{6C0E9190-BF30-4A31-A3DA-BCCEECD914A0}"
EndProject
Project("{FAE04EC0-301F-11D3-BF4B-00C04F79EFBC}") = "Domain", "src\core\Domain\Domain.csproj", "{C67334F4-B1E9-42A4-8722-229703754F7E}"
EndProject
Project("{FAE04EC0-301F-11D3-BF4B-00C04F79EFBC}") = "Infrastructure", "src\infrastructure\Infrastructure\Infrastructure.csproj", "{758D4006-54D7-4330-AF38-11D7DB2C272D}"
EndProject
Project("{FAE04EC0-301F-11D3-BF4B-00C04F79EFBC}") = "Shared", "src\shared\Shared\Shared.csproj", "{193163F0-D1B3-422B-AF6C-7A81EF2635D6}"
EndProject
Project("{FAE04EC0-301F-11D3-BF4B-00C04F79EFBC}") = "Notely.Server", "src\web\Notely.Server\Notely.Server.csproj", "{A1B2C3D4-E5F6-7890-ABCD-EF1234567890}"
EndProject
Project("{FAE04EC0-301F-11D3-BF4B-00C04F79EFBC}") = "Notely.Client", "src\web\Notely.Client\Notely.Client.csproj", "{1D86A2CB-F226-4C68-BBF5-77DB766869B2}"
EndProject
Project("{2150E333-8FDC-42A3-9474-1A3956D46DE8}") = "tests", "tests", "{A60ECF3A-D73A-E315-1127-27E64F6DA120}"
EndProject
Project("{FAE04EC0-301F-11D3-BF4B-00C04F79EFBC}") = "Notely.Application.UnitTests", "tests\Notely.Application.UnitTests\Notely.Application.UnitTests.csproj", "{F3EDCBBB-4FA8-4CA6-A795-1C8BF00AFE21}"
EndProject
Global
	GlobalSection(SolutionConfigurationPlatforms) = preSolution
		Debug|Any CPU = Debug|Any CPU
		Release|Any CPU = Release|Any CPU
	EndGlobalSection
	GlobalSection(ProjectConfigurationPlatforms) = postSolution
		{6C0E9190-BF30-4A31-A3DA-BCCEECD914A0}.Debug|Any CPU.ActiveCfg = Debug|Any CPU
		{6C0E9190-BF30-4A31-A3DA-BCCEECD914A0}.Debug|Any CPU.Build.0 = Debug|Any CPU
		{6C0E9190-BF30-4A31-A3DA-BCCEECD914A0}.Release|Any CPU.ActiveCfg = Release|Any CPU
		{6C0E9190-BF30-4A31-A3DA-BCCEECD914A0}.Release|Any CPU.Build.0 = Release|Any CPU
		{C67334F4-B1E9-42A4-8722-229703754F7E}.Debug|Any CPU.ActiveCfg = Debug|Any CPU
		{C67334F4-B1E9-42A4-8722-229703754F7E}.Debug|Any CPU.Build.0 = Debug|Any CPU
		{C67334F4-B1E9-42A4-8722-229703754F7E}.Release|Any CPU.ActiveCfg = Release|Any CPU
		{C67334F4-B1E9-42A4-8722-229703754F7E}.Release|Any CPU.Build.0 = Release|Any CPU
		{758D4006-54D7-4330-AF38-11D7DB2C272D}.Debug|Any CPU.ActiveCfg = Debug|Any CPU
		{758D4006-54D7-4330-AF38-11D7DB2C272D}.Debug|Any CPU.Build.0 = Debug|Any CPU
		{758D4006-54D7-4330-AF38-11D7DB2C272D}.Release|Any CPU.ActiveCfg = Release|Any CPU
		{758D4006-54D7-4330-AF38-11D7DB2C272D}.Release|Any CPU.Build.0 = Release|Any CPU
		{193163F0-D1B3-422B-AF6C-7A81EF2635D6}.Debug|Any CPU.ActiveCfg = Debug|Any CPU
		{193163F0-D1B3-422B-AF6C-7A81EF2635D6}.Debug|Any CPU.Build.0 = Debug|Any CPU
		{193163F0-D1B3-422B-AF6C-7A81EF2635D6}.Release|Any CPU.ActiveCfg = Release|Any CPU
		{193163F0-D1B3-422B-AF6C-7A81EF2635D6}.Release|Any CPU.Build.0 = Release|Any CPU
		{A1B2C3D4-E5F6-7890-ABCD-EF1234567890}.Debug|Any CPU.ActiveCfg = Debug|Any CPU
		{A1B2C3D4-E5F6-7890-ABCD-EF1234567890}.Debug|Any CPU.Build.0 = Debug|Any CPU
		{A1B2C3D4-E5F6-7890-ABCD-EF1234567890}.Release|Any CPU.ActiveCfg = Release|Any CPU
		{A1B2C3D4-E5F6-7890-ABCD-EF1234567890}.Release|Any CPU.Build.0 = Release|Any CPU
		{1D86A2CB-F226-4C68-BBF5-77DB766869B2}.Debug|Any CPU.ActiveCfg = Debug|Any CPU
		{1D86A2CB-F226-4C68-BBF5-77DB766869B2}.Debug|Any CPU.Build.0 = Debug|Any CPU
		{1D86A2CB-F226-4C68-BBF5-77DB766869B2}.Release|Any CPU.ActiveCfg = Release|Any CPU
		{1D86A2CB-F226-4C68-BBF5-77DB766869B2}.Release|Any CPU.Build.0 = Release|Any CPU
		{F3EDCBBB-4FA8-4CA6-A795-1C8BF00AFE21}.Debug|Any CPU.ActiveCfg = Debug|Any CPU
		{F3EDCBBB-4FA8-4CA6-A795-1C8BF00AFE21}.Debug|Any CPU.Build.0 = Debug|Any CPU
		{F3EDCBBB-4FA8-4CA6-A795-1C8BF00AFE21}.Release|Any CPU.ActiveCfg = Release|Any CPU
		{F3EDCBBB-4FA8-4CA6-A795-1C8BF00AFE21}.Release|Any CPU.Build.0 = Release|Any CPU
	EndGlobalSection
	GlobalSection(SolutionProperties) = preSolution
		HideSolutionNode = FALSE
	EndGlobalSection
	GlobalSection(NestedProjects) = preSolution
		{4798FB9A-E3F4-469A-B046-07CA69F679CD} = {02EA681E-C7D8-13C7-8484-4AC65E1B71E8}
		{80601D52-788D-4C30-B515-95E66ADA41AA} = {02EA681E-C7D8-13C7-8484-4AC65E1B71E8}
		{30FFE51C-FFF5-43FE-A105-E4EFBE7D07C5} = {02EA681E-C7D8-13C7-8484-4AC65E1B71E8}
		{ACE3B5F6-02E0-E5E3-B283-044C1171AFDE} = {02EA681E-C7D8-13C7-8484-4AC65E1B71E8}
		{6C0E9190-BF30-4A31-A3DA-BCCEECD914A0} = {4798FB9A-E3F4-469A-B046-07CA69F679CD}
		{C67334F4-B1E9-42A4-8722-229703754F7E} = {4798FB9A-E3F4-469A-B046-07CA69F679CD}
		{758D4006-54D7-4330-AF38-11D7DB2C272D} = {80601D52-788D-4C30-B515-95E66ADA41AA}
		{193163F0-D1B3-422B-AF6C-7A81EF2635D6} = {ACE3B5F6-02E0-E5E3-B283-044C1171AFDE}
		{A1B2C3D4-E5F6-7890-ABCD-EF1234567890} = {30FFE51C-FFF5-43FE-A105-E4EFBE7D07C5}
		{1D86A2CB-F226-4C68-BBF5-77DB766869B2} = {30FFE51C-FFF5-43FE-A105-E4EFBE7D07C5}
		{F3EDCBBB-4FA8-4CA6-A795-1C8BF00AFE21} = {A60ECF3A-D73A-E315-1127-27E64F6DA120}
	EndGlobalSection
	GlobalSection(ExtensibilityGlobals) = postSolution
		SolutionGuid = {5A70D825-43D1-4601-9632-5E69FAC65F2A}
	EndGlobalSection
EndGlobal
